
Microsoft Visual Studio Solution File, Format Version 12.00
# Visual Studio Version 17
VisualStudioVersion = 17.7.34221.43
MinimumVisualStudioVersion = 10.0.40219.1
Project("{FAE04EC0-301F-11D3-BF4B-00C04F79EFBC}") = "While", "While\While.csproj", "{AC6D4B4E-8F8B-403E-9A4C-D271F3BEA911}"
EndProject
Global
	GlobalSection(SolutionConfigurationPlatforms) = preSolution
		Debug|Any CPU = Debug|Any CPU
		Release|Any CPU = Release|Any CPU
	EndGlobalSection
	GlobalSection(ProjectConfigurationPlatforms) = postSolution
		{AC6D4B4E-8F8B-403E-9A4C-D271F3BEA911}.Debug|Any CPU.ActiveCfg = Debug|Any CPU
		{AC6D4B4E-8F8B-403E-9A4C-D271F3BEA911}.Debug|Any CPU.Build.0 = Debug|Any CPU
		{AC6D4B4E-8F8B-403E-9A4C-D271F3BEA911}.Release|Any CPU.ActiveCfg = Release|Any CPU
		{AC6D4B4E-8F8B-403E-9A4C-D271F3BEA911}.Release|Any CPU.Build.0 = Release|Any CPU
	EndGlobalSection
	GlobalSection(SolutionProperties) = preSolution
		HideSolutionNode = FALSE
	EndGlobalSection
	GlobalSection(ExtensibilityGlobals) = postSolution
		SolutionGuid = {231C17DA-7236-45F3-ADAB-37D1418DA578}
	EndGlobalSection
EndGlobal
